
Microsoft Visual Studio Solution File, Format Version 12.00
# Visual Studio Version 17
VisualStudioVersion = 17.5.33516.290
MinimumVisualStudioVersion = 10.0.40219.1
Project("{9A19103F-16F7-4668-BE54-9A1E7A4F7556}") = "FinalProject.CrawlerApp", "FinalProject.CrawlerApp\FinalProject.CrawlerApp.csproj", "{DA628679-079F-4518-AF3F-9435CE5ECCCC}"
EndProject
Project("{9A19103F-16F7-4668-BE54-9A1E7A4F7556}") = "FinalProject.Domain", "FinalProject.Domain\FinalProject.Domain.csproj", "{FC443E85-F5AC-450C-9270-4889ADC9E9B1}"
EndProject
Project("{9A19103F-16F7-4668-BE54-9A1E7A4F7556}") = "FinalProject.WebApi", "FinalProject.WebApi\FinalProject.WebApi.csproj", "{2455D921-3619-41BE-B278-7A21922F0F02}"
EndProject
Project("{9A19103F-16F7-4668-BE54-9A1E7A4F7556}") = "FinalProject.Wasm", "FinalProject.Wasm\FinalProject.Wasm.csproj", "{CBF420C3-598A-4944-942E-BBCE46DD441B}"
EndProject
Project("{9A19103F-16F7-4668-BE54-9A1E7A4F7556}") = "FinalProject.Persistence", "FinalProject.Persistence\FinalProject.Persistence.csproj", "{508AD8E2-C1BA-4E26-BE1E-D9C7E4A6B69E}"
EndProject
Global
	GlobalSection(SolutionConfigurationPlatforms) = preSolution
		Debug|Any CPU = Debug|Any CPU
		Release|Any CPU = Release|Any CPU
	EndGlobalSection
	GlobalSection(ProjectConfigurationPlatforms) = postSolution
		{DA628679-079F-4518-AF3F-9435CE5ECCCC}.Debug|Any CPU.ActiveCfg = Debug|Any CPU
		{DA628679-079F-4518-AF3F-9435CE5ECCCC}.Debug|Any CPU.Build.0 = Debug|Any CPU
		{DA628679-079F-4518-AF3F-9435CE5ECCCC}.Release|Any CPU.ActiveCfg = Release|Any CPU
		{DA628679-079F-4518-AF3F-9435CE5ECCCC}.Release|Any CPU.Build.0 = Release|Any CPU
		{FC443E85-F5AC-450C-9270-4889ADC9E9B1}.Debug|Any CPU.ActiveCfg = Debug|Any CPU
		{FC443E85-F5AC-450C-9270-4889ADC9E9B1}.Debug|Any CPU.Build.0 = Debug|Any CPU
		{FC443E85-F5AC-450C-9270-4889ADC9E9B1}.Release|Any CPU.ActiveCfg = Release|Any CPU
		{FC443E85-F5AC-450C-9270-4889ADC9E9B1}.Release|Any CPU.Build.0 = Release|Any CPU
		{2455D921-3619-41BE-B278-7A21922F0F02}.Debug|Any CPU.ActiveCfg = Debug|Any CPU
		{2455D921-3619-41BE-B278-7A21922F0F02}.Debug|Any CPU.Build.0 = Debug|Any CPU
		{2455D921-3619-41BE-B278-7A21922F0F02}.Release|Any CPU.ActiveCfg = Release|Any CPU
		{2455D921-3619-41BE-B278-7A21922F0F02}.Release|Any CPU.Build.0 = Release|Any CPU
		{CBF420C3-598A-4944-942E-BBCE46DD441B}.Debug|Any CPU.ActiveCfg = Debug|Any CPU
		{CBF420C3-598A-4944-942E-BBCE46DD441B}.Debug|Any CPU.Build.0 = Debug|Any CPU
		{CBF420C3-598A-4944-942E-BBCE46DD441B}.Release|Any CPU.ActiveCfg = Release|Any CPU
		{CBF420C3-598A-4944-942E-BBCE46DD441B}.Release|Any CPU.Build.0 = Release|Any CPU
		{508AD8E2-C1BA-4E26-BE1E-D9C7E4A6B69E}.Debug|Any CPU.ActiveCfg = Debug|Any CPU
		{508AD8E2-C1BA-4E26-BE1E-D9C7E4A6B69E}.Debug|Any CPU.Build.0 = Debug|Any CPU
		{508AD8E2-C1BA-4E26-BE1E-D9C7E4A6B69E}.Release|Any CPU.ActiveCfg = Release|Any CPU
		{508AD8E2-C1BA-4E26-BE1E-D9C7E4A6B69E}.Release|Any CPU.Build.0 = Release|Any CPU
	EndGlobalSection
	GlobalSection(SolutionProperties) = preSolution
		HideSolutionNode = FALSE
	EndGlobalSection
	GlobalSection(ExtensibilityGlobals) = postSolution
		SolutionGuid = {8FAE2FF3-07A0-4536-8E52-D4D96C6BDD28}
	EndGlobalSection
EndGlobal
